// !$*UTF8*$!
{
	archiveVersion = 1;
	classes = {
	};
	objectVersion = 50;
	objects = {

/* Begin PBXBuildFile section */
		7F49547D22701398004F8851 /* FileUtils.m in Sources */ = {isa = PBXBuildFile; fileRef = 7F49547422701398004F8851 /* FileUtils.m */; };
		7F49547E22701398004F8851 /* MimeUtils.m in Sources */ = {isa = PBXBuildFile; fileRef = 7F49547522701398004F8851 /* MimeUtils.m */; };
		7F49547F22701398004F8851 /* UIImage+PhotoManipulator.m in Sources */ = {isa = PBXBuildFile; fileRef = 7F49547922701398004F8851 /* UIImage+PhotoManipulator.m */; };
		7F49548022701398004F8851 /* BitmapUtils.m in Sources */ = {isa = PBXBuildFile; fileRef = 7F49547B22701398004F8851 /* BitmapUtils.m */; };
		7FB4F589227085F100D84D9D /* libWCPhotoManipulator.a in Frameworks */ = {isa = PBXBuildFile; fileRef = 7F4954582270118D004F8851 /* libWCPhotoManipulator.a */; };
		7FB4F5902270863C00D84D9D /* WCPhotoManipulatorTests.m in Sources */ = {isa = PBXBuildFile; fileRef = 7FB4F58F2270863C00D84D9D /* WCPhotoManipulatorTests.m */; };
/* End PBXBuildFile section */

/* Begin PBXContainerItemProxy section */
		7FB4F58A227085F100D84D9D /* PBXContainerItemProxy */ = {
			isa = PBXContainerItemProxy;
			containerPortal = 7F4954502270118D004F8851 /* Project object */;
			proxyType = 1;
			remoteGlobalIDString = 7F4954572270118D004F8851;
			remoteInfo = WCPhotoManipulator;
		};
/* End PBXContainerItemProxy section */

/* Begin PBXCopyFilesBuildPhase section */
		7F4954562270118D004F8851 /* CopyFiles */ = {
			isa = PBXCopyFilesBuildPhase;
			buildActionMask = 2147483647;
			dstPath = "include/$(PRODUCT_NAME)";
			dstSubfolderSpec = 16;
			files = (
			);
			runOnlyForDeploymentPostprocessing = 0;
		};
/* End PBXCopyFilesBuildPhase section */

/* Begin PBXFileReference section */
		7F4954582270118D004F8851 /* libWCPhotoManipulator.a */ = {isa = PBXFileReference; explicitFileType = archive.ar; includeInIndex = 0; path = libWCPhotoManipulator.a; sourceTree = BUILT_PRODUCTS_DIR; };
		7F49547322701398004F8851 /* Info.plist */ = {isa = PBXFileReference; fileEncoding = 4; lastKnownFileType = text.plist.xml; path = Info.plist; sourceTree = "<group>"; };
		7F49547422701398004F8851 /* FileUtils.m */ = {isa = PBXFileReference; fileEncoding = 4; lastKnownFileType = sourcecode.c.objc; path = FileUtils.m; sourceTree = "<group>"; };
		7F49547522701398004F8851 /* MimeUtils.m */ = {isa = PBXFileReference; fileEncoding = 4; lastKnownFileType = sourcecode.c.objc; path = MimeUtils.m; sourceTree = "<group>"; };
		7F49547622701398004F8851 /* BitmapUtils.h */ = {isa = PBXFileReference; fileEncoding = 4; lastKnownFileType = sourcecode.c.h; path = BitmapUtils.h; sourceTree = "<group>"; };
		7F49547722701398004F8851 /* MimeUtils.h */ = {isa = PBXFileReference; fileEncoding = 4; lastKnownFileType = sourcecode.c.h; path = MimeUtils.h; sourceTree = "<group>"; };
		7F49547822701398004F8851 /* ResizeMode.h */ = {isa = PBXFileReference; fileEncoding = 4; lastKnownFileType = sourcecode.c.h; path = ResizeMode.h; sourceTree = "<group>"; };
		7F49547922701398004F8851 /* UIImage+PhotoManipulator.m */ = {isa = PBXFileReference; fileEncoding = 4; lastKnownFileType = sourcecode.c.objc; path = "UIImage+PhotoManipulator.m"; sourceTree = "<group>"; };
		7F49547A22701398004F8851 /* FileUtils.h */ = {isa = PBXFileReference; fileEncoding = 4; lastKnownFileType = sourcecode.c.h; path = FileUtils.h; sourceTree = "<group>"; };
		7F49547B22701398004F8851 /* BitmapUtils.m */ = {isa = PBXFileReference; fileEncoding = 4; lastKnownFileType = sourcecode.c.objc; path = BitmapUtils.m; sourceTree = "<group>"; };
		7F49547C22701398004F8851 /* UIImage+PhotoManipulator.h */ = {isa = PBXFileReference; fileEncoding = 4; lastKnownFileType = sourcecode.c.h; path = "UIImage+PhotoManipulator.h"; sourceTree = "<group>"; };
		7F495481227013A9004F8851 /* WCPhotoManipulator.h */ = {isa = PBXFileReference; fileEncoding = 4; lastKnownFileType = sourcecode.c.h; path = WCPhotoManipulator.h; sourceTree = "<group>"; };
		7FB4F584227085F100D84D9D /* WCPhotoManipulatorTests.xctest */ = {isa = PBXFileReference; explicitFileType = wrapper.cfbundle; includeInIndex = 0; path = WCPhotoManipulatorTests.xctest; sourceTree = BUILT_PRODUCTS_DIR; };
		7FB4F588227085F100D84D9D /* Info.plist */ = {isa = PBXFileReference; lastKnownFileType = text.plist.xml; path = Info.plist; sourceTree = "<group>"; };
		7FB4F58F2270863C00D84D9D /* WCPhotoManipulatorTests.m */ = {isa = PBXFileReference; fileEncoding = 4; lastKnownFileType = sourcecode.c.objc; path = WCPhotoManipulatorTests.m; sourceTree = "<group>"; };
/* End PBXFileReference section */

/* Begin PBXFrameworksBuildPhase section */
		7F4954552270118D004F8851 /* Frameworks */ = {
			isa = PBXFrameworksBuildPhase;
			buildActionMask = 2147483647;
			files = (
			);
			runOnlyForDeploymentPostprocessing = 0;
		};
		7FB4F581227085F100D84D9D /* Frameworks */ = {
			isa = PBXFrameworksBuildPhase;
			buildActionMask = 2147483647;
			files = (
				7FB4F589227085F100D84D9D /* libWCPhotoManipulator.a in Frameworks */,
			);
			runOnlyForDeploymentPostprocessing = 0;
		};
/* End PBXFrameworksBuildPhase section */

/* Begin PBXGroup section */
		7F49544F2270118D004F8851 = {
			isa = PBXGroup;
			children = (
				7F49545A2270118D004F8851 /* WCPhotoManipulator */,
				7FB4F585227085F100D84D9D /* WCPhotoManipulatorTests */,
				7F4954592270118D004F8851 /* Products */,
			);
			sourceTree = "<group>";
		};
		7F4954592270118D004F8851 /* Products */ = {
			isa = PBXGroup;
			children = (
				7F4954582270118D004F8851 /* libWCPhotoManipulator.a */,
				7FB4F584227085F100D84D9D /* WCPhotoManipulatorTests.xctest */,
			);
			name = Products;
			sourceTree = "<group>";
		};
		7F49545A2270118D004F8851 /* WCPhotoManipulator */ = {
			isa = PBXGroup;
			children = (
				7F49547622701398004F8851 /* BitmapUtils.h */,
				7F49547B22701398004F8851 /* BitmapUtils.m */,
				7F49547A22701398004F8851 /* FileUtils.h */,
				7F49547422701398004F8851 /* FileUtils.m */,
				7F49547322701398004F8851 /* Info.plist */,
				7F49547722701398004F8851 /* MimeUtils.h */,
				7F49547522701398004F8851 /* MimeUtils.m */,
				7F49547822701398004F8851 /* ResizeMode.h */,
				7F49547C22701398004F8851 /* UIImage+PhotoManipulator.h */,
				7F49547922701398004F8851 /* UIImage+PhotoManipulator.m */,
				7F495481227013A9004F8851 /* WCPhotoManipulator.h */,
			);
			path = WCPhotoManipulator;
			sourceTree = "<group>";
		};
		7FB4F585227085F100D84D9D /* WCPhotoManipulatorTests */ = {
			isa = PBXGroup;
			children = (
				7FB4F58F2270863C00D84D9D /* WCPhotoManipulatorTests.m */,
				7FB4F588227085F100D84D9D /* Info.plist */,
			);
			path = WCPhotoManipulatorTests;
			sourceTree = "<group>";
		};
/* End PBXGroup section */

/* Begin PBXNativeTarget section */
		7F4954572270118D004F8851 /* WCPhotoManipulator */ = {
			isa = PBXNativeTarget;
			buildConfigurationList = 7F4954612270118D004F8851 /* Build configuration list for PBXNativeTarget "WCPhotoManipulator" */;
			buildPhases = (
				7F4954542270118D004F8851 /* Sources */,
				7F4954552270118D004F8851 /* Frameworks */,
				7F4954562270118D004F8851 /* CopyFiles */,
			);
			buildRules = (
			);
			dependencies = (
			);
			name = WCPhotoManipulator;
			productName = WCPhotoManipulator;
			productReference = 7F4954582270118D004F8851 /* libWCPhotoManipulator.a */;
			productType = "com.apple.product-type.library.static";
		};
		7FB4F583227085F100D84D9D /* WCPhotoManipulatorTests */ = {
			isa = PBXNativeTarget;
			buildConfigurationList = 7FB4F58C227085F100D84D9D /* Build configuration list for PBXNativeTarget "WCPhotoManipulatorTests" */;
			buildPhases = (
				7FB4F580227085F100D84D9D /* Sources */,
				7FB4F581227085F100D84D9D /* Frameworks */,
				7FB4F582227085F100D84D9D /* Resources */,
			);
			buildRules = (
			);
			dependencies = (
				7FB4F58B227085F100D84D9D /* PBXTargetDependency */,
			);
			name = WCPhotoManipulatorTests;
			productName = WCPhotoManipulatorTests;
			productReference = 7FB4F584227085F100D84D9D /* WCPhotoManipulatorTests.xctest */;
			productType = "com.apple.product-type.bundle.unit-test";
		};
/* End PBXNativeTarget section */

/* Begin PBXProject section */
		7F4954502270118D004F8851 /* Project object */ = {
			isa = PBXProject;
			attributes = {
				LastSwiftUpdateCheck = 1010;
				LastUpgradeCheck = 1010;
				ORGANIZATIONNAME = "Woraphot Chokratanasombat";
				TargetAttributes = {
					7F4954572270118D004F8851 = {
						CreatedOnToolsVersion = 10.1;
					};
					7FB4F583227085F100D84D9D = {
						CreatedOnToolsVersion = 10.1;
					};
				};
			};
			buildConfigurationList = 7F4954532270118D004F8851 /* Build configuration list for PBXProject "WCPhotoManipulator" */;
			compatibilityVersion = "Xcode 9.3";
			developmentRegion = en;
			hasScannedForEncodings = 0;
			knownRegions = (
				en,
			);
			mainGroup = 7F49544F2270118D004F8851;
			productRefGroup = 7F4954592270118D004F8851 /* Products */;
			projectDirPath = "";
			projectRoot = "";
			targets = (
				7F4954572270118D004F8851 /* WCPhotoManipulator */,
				7FB4F583227085F100D84D9D /* WCPhotoManipulatorTests */,
			);
		};
/* End PBXProject section */

/* Begin PBXResourcesBuildPhase section */
		7FB4F582227085F100D84D9D /* Resources */ = {
			isa = PBXResourcesBuildPhase;
			buildActionMask = 2147483647;
			files = (
			);
			runOnlyForDeploymentPostprocessing = 0;
		};
/* End PBXResourcesBuildPhase section */

/* Begin PBXSourcesBuildPhase section */
		7F4954542270118D004F8851 /* Sources */ = {
			isa = PBXSourcesBuildPhase;
			buildActionMask = 2147483647;
			files = (
				7F49547D22701398004F8851 /* FileUtils.m in Sources */,
				7F49547F22701398004F8851 /* UIImage+PhotoManipulator.m in Sources */,
				7F49548022701398004F8851 /* BitmapUtils.m in Sources */,
				7F49547E22701398004F8851 /* MimeUtils.m in Sources */,
			);
			runOnlyForDeploymentPostprocessing = 0;
		};
		7FB4F580227085F100D84D9D /* Sources */ = {
			isa = PBXSourcesBuildPhase;
			buildActionMask = 2147483647;
			files = (
				7FB4F5902270863C00D84D9D /* WCPhotoManipulatorTests.m in Sources */,
			);
			runOnlyForDeploymentPostprocessing = 0;
		};
/* End PBXSourcesBuildPhase section */

/* Begin PBXTargetDependency section */
		7FB4F58B227085F100D84D9D /* PBXTargetDependency */ = {
			isa = PBXTargetDependency;
			target = 7F4954572270118D004F8851 /* WCPhotoManipulator */;
			targetProxy = 7FB4F58A227085F100D84D9D /* PBXContainerItemProxy */;
		};
/* End PBXTargetDependency section */

/* Begin XCBuildConfiguration section */
		7F49545F2270118D004F8851 /* Debug */ = {
			isa = XCBuildConfiguration;
			buildSettings = {
				ALWAYS_SEARCH_USER_PATHS = NO;
				CLANG_ANALYZER_NONNULL = YES;
				CLANG_ANALYZER_NUMBER_OBJECT_CONVERSION = YES_AGGRESSIVE;
				CLANG_CXX_LANGUAGE_STANDARD = "gnu++14";
				CLANG_CXX_LIBRARY = "libc++";
				CLANG_ENABLE_MODULES = YES;
				CLANG_ENABLE_OBJC_ARC = YES;
				CLANG_ENABLE_OBJC_WEAK = YES;
				CLANG_WARN_BLOCK_CAPTURE_AUTORELEASING = YES;
				CLANG_WARN_BOOL_CONVERSION = YES;
				CLANG_WARN_COMMA = YES;
				CLANG_WARN_CONSTANT_CONVERSION = YES;
				CLANG_WARN_DEPRECATED_OBJC_IMPLEMENTATIONS = YES;
				CLANG_WARN_DIRECT_OBJC_ISA_USAGE = YES_ERROR;
				CLANG_WARN_DOCUMENTATION_COMMENTS = YES;
				CLANG_WARN_EMPTY_BODY = YES;
				CLANG_WARN_ENUM_CONVERSION = YES;
				CLANG_WARN_INFINITE_RECURSION = YES;
				CLANG_WARN_INT_CONVERSION = YES;
				CLANG_WARN_NON_LITERAL_NULL_CONVERSION = YES;
				CLANG_WARN_OBJC_IMPLICIT_RETAIN_SELF = YES;
				CLANG_WARN_OBJC_LITERAL_CONVERSION = YES;
				CLANG_WARN_OBJC_ROOT_CLASS = YES_ERROR;
				CLANG_WARN_RANGE_LOOP_ANALYSIS = YES;
				CLANG_WARN_STRICT_PROTOTYPES = YES;
				CLANG_WARN_SUSPICIOUS_MOVE = YES;
				CLANG_WARN_UNGUARDED_AVAILABILITY = YES_AGGRESSIVE;
				CLANG_WARN_UNREACHABLE_CODE = YES;
				CLANG_WARN__DUPLICATE_METHOD_MATCH = YES;
				CODE_SIGN_IDENTITY = "iPhone Developer";
				COPY_PHASE_STRIP = NO;
				DEBUG_INFORMATION_FORMAT = dwarf;
				ENABLE_STRICT_OBJC_MSGSEND = YES;
				ENABLE_TESTABILITY = YES;
				GCC_C_LANGUAGE_STANDARD = gnu11;
				GCC_DYNAMIC_NO_PIC = NO;
				GCC_NO_COMMON_BLOCKS = YES;
				GCC_OPTIMIZATION_LEVEL = 0;
				GCC_PREPROCESSOR_DEFINITIONS = (
					"DEBUG=1",
					"$(inherited)",
				);
				GCC_WARN_64_TO_32_BIT_CONVERSION = YES;
				GCC_WARN_ABOUT_RETURN_TYPE = YES_ERROR;
				GCC_WARN_UNDECLARED_SELECTOR = YES;
				GCC_WARN_UNINITIALIZED_AUTOS = YES_AGGRESSIVE;
				GCC_WARN_UNUSED_FUNCTION = YES;
				GCC_WARN_UNUSED_VARIABLE = YES;
				IPHONEOS_DEPLOYMENT_TARGET = 12.1;
				MTL_ENABLE_DEBUG_INFO = INCLUDE_SOURCE;
				MTL_FAST_MATH = YES;
				ONLY_ACTIVE_ARCH = YES;
				SDKROOT = iphoneos;
			};
			name = Debug;
		};
		7F4954602270118D004F8851 /* Release */ = {
			isa = XCBuildConfiguration;
			buildSettings = {
				ALWAYS_SEARCH_USER_PATHS = NO;
				CLANG_ANALYZER_NONNULL = YES;
				CLANG_ANALYZER_NUMBER_OBJECT_CONVERSION = YES_AGGRESSIVE;
				CLANG_CXX_LANGUAGE_STANDARD = "gnu++14";
				CLANG_CXX_LIBRARY = "libc++";
				CLANG_ENABLE_MODULES = YES;
				CLANG_ENABLE_OBJC_ARC = YES;
				CLANG_ENABLE_OBJC_WEAK = YES;
				CLANG_WARN_BLOCK_CAPTURE_AUTORELEASING = YES;
				CLANG_WARN_BOOL_CONVERSION = YES;
				CLANG_WARN_COMMA = YES;
				CLANG_WARN_CONSTANT_CONVERSION = YES;
				CLANG_WARN_DEPRECATED_OBJC_IMPLEMENTATIONS = YES;
				CLANG_WARN_DIRECT_OBJC_ISA_USAGE = YES_ERROR;
				CLANG_WARN_DOCUMENTATION_COMMENTS = YES;
				CLANG_WARN_EMPTY_BODY = YES;
				CLANG_WARN_ENUM_CONVERSION = YES;
				CLANG_WARN_INFINITE_RECURSION = YES;
				CLANG_WARN_INT_CONVERSION = YES;
				CLANG_WARN_NON_LITERAL_NULL_CONVERSION = YES;
				CLANG_WARN_OBJC_IMPLICIT_RETAIN_SELF = YES;
				CLANG_WARN_OBJC_LITERAL_CONVERSION = YES;
				CLANG_WARN_OBJC_ROOT_CLASS = YES_ERROR;
				CLANG_WARN_RANGE_LOOP_ANALYSIS = YES;
				CLANG_WARN_STRICT_PROTOTYPES = YES;
				CLANG_WARN_SUSPICIOUS_MOVE = YES;
				CLANG_WARN_UNGUARDED_AVAILABILITY = YES_AGGRESSIVE;
				CLANG_WARN_UNREACHABLE_CODE = YES;
				CLANG_WARN__DUPLICATE_METHOD_MATCH = YES;
				CODE_SIGN_IDENTITY = "iPhone Developer";
				COPY_PHASE_STRIP = NO;
				DEBUG_INFORMATION_FORMAT = "dwarf-with-dsym";
				ENABLE_NS_ASSERTIONS = NO;
				ENABLE_STRICT_OBJC_MSGSEND = YES;
				GCC_C_LANGUAGE_STANDARD = gnu11;
				GCC_NO_COMMON_BLOCKS = YES;
				GCC_WARN_64_TO_32_BIT_CONVERSION = YES;
				GCC_WARN_ABOUT_RETURN_TYPE = YES_ERROR;
				GCC_WARN_UNDECLARED_SELECTOR = YES;
				GCC_WARN_UNINITIALIZED_AUTOS = YES_AGGRESSIVE;
				GCC_WARN_UNUSED_FUNCTION = YES;
				GCC_WARN_UNUSED_VARIABLE = YES;
				IPHONEOS_DEPLOYMENT_TARGET = 12.1;
				MTL_ENABLE_DEBUG_INFO = NO;
				MTL_FAST_MATH = YES;
				SDKROOT = iphoneos;
				VALIDATE_PRODUCT = YES;
			};
			name = Release;
		};
		7F4954622270118D004F8851 /* Debug */ = {
			isa = XCBuildConfiguration;
			buildSettings = {
				CODE_SIGN_STYLE = Automatic;
				OTHER_LDFLAGS = "-ObjC";
				PRODUCT_NAME = "$(TARGET_NAME)";
				SKIP_INSTALL = YES;
				TARGETED_DEVICE_FAMILY = "1,2";
			};
			name = Debug;
		};
		7F4954632270118D004F8851 /* Release */ = {
			isa = XCBuildConfiguration;
			buildSettings = {
				CODE_SIGN_STYLE = Automatic;
				OTHER_LDFLAGS = "-ObjC";
				PRODUCT_NAME = "$(TARGET_NAME)";
				SKIP_INSTALL = YES;
				TARGETED_DEVICE_FAMILY = "1,2";
			};
			name = Release;
		};
		7FB4F58D227085F100D84D9D /* Debug */ = {
			isa = XCBuildConfiguration;
			buildSettings = {
				CODE_SIGN_STYLE = Automatic;
				INFOPLIST_FILE = WCPhotoManipulatorTests/Info.plist;
				LD_RUNPATH_SEARCH_PATHS = (
					"$(inherited)",
					"@executable_path/Frameworks",
					"@loader_path/Frameworks",
				);
				PRODUCT_BUNDLE_IDENTIFIER = com.guhungry.photomanipulator.WCPhotoManipulatorTests;
				PRODUCT_NAME = "$(TARGET_NAME)";
				TARGETED_DEVICE_FAMILY = "1,2";
			};
			name = Debug;
		};
		7FB4F58E227085F100D84D9D /* Release */ = {
			isa = XCBuildConfiguration;
			buildSettings = {
				CODE_SIGN_STYLE = Automatic;
				INFOPLIST_FILE = WCPhotoManipulatorTests/Info.plist;
				LD_RUNPATH_SEARCH_PATHS = (
					"$(inherited)",
					"@executable_path/Frameworks",
					"@loader_path/Frameworks",
				);
				PRODUCT_BUNDLE_IDENTIFIER = com.guhungry.photomanipulator.WCPhotoManipulatorTests;
				PRODUCT_NAME = "$(TARGET_NAME)";
				TARGETED_DEVICE_FAMILY = "1,2";
			};
			name = Release;
		};
/* End XCBuildConfiguration section */

/* Begin XCConfigurationList section */
		7F4954532270118D004F8851 /* Build configuration list for PBXProject "WCPhotoManipulator" */ = {
			isa = XCConfigurationList;
			buildConfigurations = (
				7F49545F2270118D004F8851 /* Debug */,
				7F4954602270118D004F8851 /* Release */,
			);
			defaultConfigurationIsVisible = 0;
			defaultConfigurationName = Release;
		};
		7F4954612270118D004F8851 /* Build configuration list for PBXNativeTarget "WCPhotoManipulator" */ = {
			isa = XCConfigurationList;
			buildConfigurations = (
				7F4954622270118D004F8851 /* Debug */,
				7F4954632270118D004F8851 /* Release */,
			);
			defaultConfigurationIsVisible = 0;
			defaultConfigurationName = Release;
		};
		7FB4F58C227085F100D84D9D /* Build configuration list for PBXNativeTarget "WCPhotoManipulatorTests" */ = {
			isa = XCConfigurationList;
			buildConfigurations = (
				7FB4F58D227085F100D84D9D /* Debug */,
				7FB4F58E227085F100D84D9D /* Release */,
			);
			defaultConfigurationIsVisible = 0;
			defaultConfigurationName = Release;
		};
/* End XCConfigurationList section */
	};
	rootObject = 7F4954502270118D004F8851 /* Project object */;
}
