// !$*UTF8*$!
{
	archiveVersion = 1;
	classes = {
	};
	objectVersion = 50;
	objects = {

/* Begin PBXBuildFile section */
		CA10C5262BB331B7008464A7 /* FlipMode.swift in Sources */ = {isa = PBXBuildFile; fileRef = CA10C5252BB331B7008464A7 /* FlipMode.swift */; };
		CA11C0FB2C0C1E9B005542AA /* RotationMode.swift in Sources */ = {isa = PBXBuildFile; fileRef = CA11C0FA2C0C1E9B005542AA /* RotationMode.swift */; };
		CADEFF822C4147EC00DFE3E3 /* TextStyle.swift in Sources */ = {isa = PBXBuildFile; fileRef = CADEFF812C4147EC00DFE3E3 /* TextStyle.swift */; };
		CC92AF5124D250160061CC87 /* FoolSonarcloud.m in Sources */ = {isa = PBXBuildFile; fileRef = CC92AF5024D250160061CC87 /* FoolSonarcloud.m */; };
		CC92AF6A24D545070061CC87 /* BitmapUtilsSwiftTests.swift in Sources */ = {isa = PBXBuildFile; fileRef = CC92AF6924D545070061CC87 /* BitmapUtilsSwiftTests.swift */; };
		CC92AF6C24D558500061CC87 /* FileUtilsSwiftTests.swift in Sources */ = {isa = PBXBuildFile; fileRef = CC92AF6B24D558500061CC87 /* FileUtilsSwiftTests.swift */; };
		CC92AF6F24D55E950061CC87 /* NSData+Testing.m in Sources */ = {isa = PBXBuildFile; fileRef = CC92AF6E24D55E950061CC87 /* NSData+Testing.m */; };
		CC92AF7124D5CD9F0061CC87 /* UIImage+PhotoManipulatorSwiftTests.swift in Sources */ = {isa = PBXBuildFile; fileRef = CC92AF7024D5CD9F0061CC87 /* UIImage+PhotoManipulatorSwiftTests.swift */; };
		CCC2503C24CFDE4B000BAC48 /* MimeUtils.swift in Sources */ = {isa = PBXBuildFile; fileRef = CCC2503B24CFDE4B000BAC48 /* MimeUtils.swift */; };
		CCC2504B24CFDE89000BAC48 /* libWCPhotoManipulator.a in Frameworks */ = {isa = PBXBuildFile; fileRef = CCC2503824CFDE4B000BAC48 /* libWCPhotoManipulator.a */; };
		CCC2505724CFE206000BAC48 /* MimeUtilsObjCTests.m in Sources */ = {isa = PBXBuildFile; fileRef = CCC2505624CFE206000BAC48 /* MimeUtilsObjCTests.m */; };
		CCC2505924CFF0C1000BAC48 /* FileUtils.swift in Sources */ = {isa = PBXBuildFile; fileRef = CCC2505824CFF0C1000BAC48 /* FileUtils.swift */; };
		CCC2505B24CFF272000BAC48 /* FileUtilsObjCTests.m in Sources */ = {isa = PBXBuildFile; fileRef = CCC2505A24CFF272000BAC48 /* FileUtilsObjCTests.m */; };
		CCC2506324D000DA000BAC48 /* UIImage+Testing.m in Sources */ = {isa = PBXBuildFile; fileRef = CCC2506224D000DA000BAC48 /* UIImage+Testing.m */; };
		CCC2506724D000E3000BAC48 /* background.jpg in Resources */ = {isa = PBXBuildFile; fileRef = CCC2506524D000E3000BAC48 /* background.jpg */; };
		CCC2506824D000E3000BAC48 /* overlay.png in Resources */ = {isa = PBXBuildFile; fileRef = CCC2506624D000E3000BAC48 /* overlay.png */; };
		CCC2506A24D05A87000BAC48 /* MimeUtilsSwiftTests.swift in Sources */ = {isa = PBXBuildFile; fileRef = CCC2506924D05A87000BAC48 /* MimeUtilsSwiftTests.swift */; };
		CCC2506C24D05C97000BAC48 /* BitmapUtils.swift in Sources */ = {isa = PBXBuildFile; fileRef = CCC2506B24D05C97000BAC48 /* BitmapUtils.swift */; };
		CCC2506E24D05EE7000BAC48 /* ResizeMode.swift in Sources */ = {isa = PBXBuildFile; fileRef = CCC2506D24D05EE7000BAC48 /* ResizeMode.swift */; };
		CCC2507024D060C9000BAC48 /* UIImage+PhotoManipulator.swift in Sources */ = {isa = PBXBuildFile; fileRef = CCC2506F24D060C9000BAC48 /* UIImage+PhotoManipulator.swift */; };
		CCC2507224D066A2000BAC48 /* BitmapUtilsObjCTests.m in Sources */ = {isa = PBXBuildFile; fileRef = CCC2507124D066A2000BAC48 /* BitmapUtilsObjCTests.m */; };
		CCC2507424D0818E000BAC48 /* UIImage+PhotoManipulatorObjCTests.m in Sources */ = {isa = PBXBuildFile; fileRef = CCC2507324D0818E000BAC48 /* UIImage+PhotoManipulatorObjCTests.m */; };
/* End PBXBuildFile section */

/* Begin PBXContainerItemProxy section */
		CCC2504C24CFDE89000BAC48 /* PBXContainerItemProxy */ = {
			isa = PBXContainerItemProxy;
			containerPortal = CCC2503024CFDE4B000BAC48 /* Project object */;
			proxyType = 1;
			remoteGlobalIDString = CCC2503724CFDE4B000BAC48;
			remoteInfo = WCPhotoManipulator;
		};
/* End PBXContainerItemProxy section */

/* Begin PBXCopyFilesBuildPhase section */
		CCC2503624CFDE4B000BAC48 /* CopyFiles */ = {
			isa = PBXCopyFilesBuildPhase;
			buildActionMask = 2147483647;
			dstPath = "include/$(PRODUCT_NAME)";
			dstSubfolderSpec = 16;
			files = (
			);
			runOnlyForDeploymentPostprocessing = 0;
		};
/* End PBXCopyFilesBuildPhase section */

/* Begin PBXFileReference section */
		CA10C5252BB331B7008464A7 /* FlipMode.swift */ = {isa = PBXFileReference; lastKnownFileType = sourcecode.swift; path = FlipMode.swift; sourceTree = "<group>"; };
		CA11C0FA2C0C1E9B005542AA /* RotationMode.swift */ = {isa = PBXFileReference; lastKnownFileType = sourcecode.swift; path = RotationMode.swift; sourceTree = "<group>"; };
		CADEFF812C4147EC00DFE3E3 /* TextStyle.swift */ = {isa = PBXFileReference; lastKnownFileType = sourcecode.swift; path = TextStyle.swift; sourceTree = "<group>"; };
		CC92AF4F24D250160061CC87 /* FoolSonarcloud.h */ = {isa = PBXFileReference; lastKnownFileType = sourcecode.c.h; path = FoolSonarcloud.h; sourceTree = "<group>"; };
		CC92AF5024D250160061CC87 /* FoolSonarcloud.m */ = {isa = PBXFileReference; lastKnownFileType = sourcecode.c.objc; path = FoolSonarcloud.m; sourceTree = "<group>"; };
		CC92AF6924D545070061CC87 /* BitmapUtilsSwiftTests.swift */ = {isa = PBXFileReference; lastKnownFileType = sourcecode.swift; path = BitmapUtilsSwiftTests.swift; sourceTree = "<group>"; };
		CC92AF6B24D558500061CC87 /* FileUtilsSwiftTests.swift */ = {isa = PBXFileReference; lastKnownFileType = sourcecode.swift; path = FileUtilsSwiftTests.swift; sourceTree = "<group>"; };
		CC92AF6D24D55E950061CC87 /* NSData+Testing.h */ = {isa = PBXFileReference; lastKnownFileType = sourcecode.c.h; path = "NSData+Testing.h"; sourceTree = "<group>"; };
		CC92AF6E24D55E950061CC87 /* NSData+Testing.m */ = {isa = PBXFileReference; lastKnownFileType = sourcecode.c.objc; path = "NSData+Testing.m"; sourceTree = "<group>"; };
		CC92AF7024D5CD9F0061CC87 /* UIImage+PhotoManipulatorSwiftTests.swift */ = {isa = PBXFileReference; lastKnownFileType = sourcecode.swift; path = "UIImage+PhotoManipulatorSwiftTests.swift"; sourceTree = "<group>"; };
		CCC2503824CFDE4B000BAC48 /* libWCPhotoManipulator.a */ = {isa = PBXFileReference; explicitFileType = archive.ar; includeInIndex = 0; path = libWCPhotoManipulator.a; sourceTree = BUILT_PRODUCTS_DIR; };
		CCC2503B24CFDE4B000BAC48 /* MimeUtils.swift */ = {isa = PBXFileReference; lastKnownFileType = sourcecode.swift; path = MimeUtils.swift; sourceTree = "<group>"; };
		CCC2504624CFDE89000BAC48 /* WCPhotoManipulatorTests.xctest */ = {isa = PBXFileReference; explicitFileType = wrapper.cfbundle; includeInIndex = 0; path = WCPhotoManipulatorTests.xctest; sourceTree = BUILT_PRODUCTS_DIR; };
		CCC2504A24CFDE89000BAC48 /* Info.plist */ = {isa = PBXFileReference; lastKnownFileType = text.plist.xml; path = Info.plist; sourceTree = "<group>"; };
		CCC2505124CFE1D2000BAC48 /* WCPhotoManipulator-Bridging-Header.h */ = {isa = PBXFileReference; lastKnownFileType = sourcecode.c.h; path = "WCPhotoManipulator-Bridging-Header.h"; sourceTree = "<group>"; };
		CCC2505524CFE205000BAC48 /* WCPhotoManipulatorTests-Bridging-Header.h */ = {isa = PBXFileReference; lastKnownFileType = sourcecode.c.h; path = "WCPhotoManipulatorTests-Bridging-Header.h"; sourceTree = "<group>"; };
		CCC2505624CFE206000BAC48 /* MimeUtilsObjCTests.m */ = {isa = PBXFileReference; lastKnownFileType = sourcecode.c.objc; path = MimeUtilsObjCTests.m; sourceTree = "<group>"; };
		CCC2505824CFF0C1000BAC48 /* FileUtils.swift */ = {isa = PBXFileReference; lastKnownFileType = sourcecode.swift; path = FileUtils.swift; sourceTree = "<group>"; };
		CCC2505A24CFF272000BAC48 /* FileUtilsObjCTests.m */ = {isa = PBXFileReference; lastKnownFileType = sourcecode.c.objc; path = FileUtilsObjCTests.m; sourceTree = "<group>"; };
		CCC2506124D000DA000BAC48 /* UIImage+Testing.h */ = {isa = PBXFileReference; fileEncoding = 4; lastKnownFileType = sourcecode.c.h; path = "UIImage+Testing.h"; sourceTree = "<group>"; };
		CCC2506224D000DA000BAC48 /* UIImage+Testing.m */ = {isa = PBXFileReference; fileEncoding = 4; lastKnownFileType = sourcecode.c.objc; path = "UIImage+Testing.m"; sourceTree = "<group>"; };
		CCC2506524D000E3000BAC48 /* background.jpg */ = {isa = PBXFileReference; lastKnownFileType = image.jpeg; path = background.jpg; sourceTree = "<group>"; };
		CCC2506624D000E3000BAC48 /* overlay.png */ = {isa = PBXFileReference; lastKnownFileType = image.png; path = overlay.png; sourceTree = "<group>"; };
		CCC2506924D05A87000BAC48 /* MimeUtilsSwiftTests.swift */ = {isa = PBXFileReference; fileEncoding = 4; lastKnownFileType = sourcecode.swift; path = MimeUtilsSwiftTests.swift; sourceTree = "<group>"; };
		CCC2506B24D05C97000BAC48 /* BitmapUtils.swift */ = {isa = PBXFileReference; lastKnownFileType = sourcecode.swift; path = BitmapUtils.swift; sourceTree = "<group>"; };
		CCC2506D24D05EE7000BAC48 /* ResizeMode.swift */ = {isa = PBXFileReference; lastKnownFileType = sourcecode.swift; path = ResizeMode.swift; sourceTree = "<group>"; };
		CCC2506F24D060C9000BAC48 /* UIImage+PhotoManipulator.swift */ = {isa = PBXFileReference; lastKnownFileType = sourcecode.swift; path = "UIImage+PhotoManipulator.swift"; sourceTree = "<group>"; };
		CCC2507124D066A2000BAC48 /* BitmapUtilsObjCTests.m */ = {isa = PBXFileReference; fileEncoding = 4; lastKnownFileType = sourcecode.c.objc; path = BitmapUtilsObjCTests.m; sourceTree = "<group>"; };
		CCC2507324D0818E000BAC48 /* UIImage+PhotoManipulatorObjCTests.m */ = {isa = PBXFileReference; fileEncoding = 4; lastKnownFileType = sourcecode.c.objc; path = "UIImage+PhotoManipulatorObjCTests.m"; sourceTree = "<group>"; };
/* End PBXFileReference section */

/* Begin PBXFrameworksBuildPhase section */
		CCC2503524CFDE4B000BAC48 /* Frameworks */ = {
			isa = PBXFrameworksBuildPhase;
			buildActionMask = 2147483647;
			files = (
			);
			runOnlyForDeploymentPostprocessing = 0;
		};
		CCC2504324CFDE89000BAC48 /* Frameworks */ = {
			isa = PBXFrameworksBuildPhase;
			buildActionMask = 2147483647;
			files = (
				CCC2504B24CFDE89000BAC48 /* libWCPhotoManipulator.a in Frameworks */,
			);
			runOnlyForDeploymentPostprocessing = 0;
		};
/* End PBXFrameworksBuildPhase section */

/* Begin PBXGroup section */
		CADEFF802C41479400DFE3E3 /* Models */ = {
			isa = PBXGroup;
			children = (
				CA10C5252BB331B7008464A7 /* FlipMode.swift */,
				CCC2506D24D05EE7000BAC48 /* ResizeMode.swift */,
				CA11C0FA2C0C1E9B005542AA /* RotationMode.swift */,
				CADEFF812C4147EC00DFE3E3 /* TextStyle.swift */,
			);
			path = Models;
			sourceTree = "<group>";
		};
		CCC2502F24CFDE4B000BAC48 = {
			isa = PBXGroup;
			children = (
				CCC2503A24CFDE4B000BAC48 /* WCPhotoManipulator */,
				CCC2504724CFDE89000BAC48 /* WCPhotoManipulatorTests */,
				CCC2503924CFDE4B000BAC48 /* Products */,
			);
			sourceTree = "<group>";
		};
		CCC2503924CFDE4B000BAC48 /* Products */ = {
			isa = PBXGroup;
			children = (
				CCC2503824CFDE4B000BAC48 /* libWCPhotoManipulator.a */,
				CCC2504624CFDE89000BAC48 /* WCPhotoManipulatorTests.xctest */,
			);
			name = Products;
			sourceTree = "<group>";
		};
		CCC2503A24CFDE4B000BAC48 /* WCPhotoManipulator */ = {
			isa = PBXGroup;
			children = (
				CADEFF802C41479400DFE3E3 /* Models */,
				CCC2506B24D05C97000BAC48 /* BitmapUtils.swift */,
				CCC2505824CFF0C1000BAC48 /* FileUtils.swift */,
				CC92AF4F24D250160061CC87 /* FoolSonarcloud.h */,
				CC92AF5024D250160061CC87 /* FoolSonarcloud.m */,
				CCC2503B24CFDE4B000BAC48 /* MimeUtils.swift */,
				CCC2506F24D060C9000BAC48 /* UIImage+PhotoManipulator.swift */,
				CCC2505124CFE1D2000BAC48 /* WCPhotoManipulator-Bridging-Header.h */,
			);
			path = WCPhotoManipulator;
			sourceTree = "<group>";
		};
		CCC2504724CFDE89000BAC48 /* WCPhotoManipulatorTests */ = {
			isa = PBXGroup;
			children = (
				CCC2506024D000DA000BAC48 /* Helpers */,
				CCC2506424D000E3000BAC48 /* Images */,
				CCC2507124D066A2000BAC48 /* BitmapUtilsObjCTests.m */,
				CC92AF6924D545070061CC87 /* BitmapUtilsSwiftTests.swift */,
				CCC2505A24CFF272000BAC48 /* FileUtilsObjCTests.m */,
				CC92AF6B24D558500061CC87 /* FileUtilsSwiftTests.swift */,
				CCC2504A24CFDE89000BAC48 /* Info.plist */,
				CCC2505624CFE206000BAC48 /* MimeUtilsObjCTests.m */,
				CCC2506924D05A87000BAC48 /* MimeUtilsSwiftTests.swift */,
				CCC2507324D0818E000BAC48 /* UIImage+PhotoManipulatorObjCTests.m */,
				CC92AF7024D5CD9F0061CC87 /* UIImage+PhotoManipulatorSwiftTests.swift */,
				CCC2505524CFE205000BAC48 /* WCPhotoManipulatorTests-Bridging-Header.h */,
			);
			path = WCPhotoManipulatorTests;
			sourceTree = "<group>";
		};
		CCC2506024D000DA000BAC48 /* Helpers */ = {
			isa = PBXGroup;
			children = (
				CC92AF6D24D55E950061CC87 /* NSData+Testing.h */,
				CC92AF6E24D55E950061CC87 /* NSData+Testing.m */,
				CCC2506124D000DA000BAC48 /* UIImage+Testing.h */,
				CCC2506224D000DA000BAC48 /* UIImage+Testing.m */,
			);
			path = Helpers;
			sourceTree = "<group>";
		};
		CCC2506424D000E3000BAC48 /* Images */ = {
			isa = PBXGroup;
			children = (
				CCC2506524D000E3000BAC48 /* background.jpg */,
				CCC2506624D000E3000BAC48 /* overlay.png */,
			);
			path = Images;
			sourceTree = "<group>";
		};
/* End PBXGroup section */

/* Begin PBXNativeTarget section */
		CCC2503724CFDE4B000BAC48 /* WCPhotoManipulator */ = {
			isa = PBXNativeTarget;
			buildConfigurationList = CCC2503F24CFDE4B000BAC48 /* Build configuration list for PBXNativeTarget "WCPhotoManipulator" */;
			buildPhases = (
				CCC2503424CFDE4B000BAC48 /* Sources */,
				CCC2503524CFDE4B000BAC48 /* Frameworks */,
				CCC2503624CFDE4B000BAC48 /* CopyFiles */,
			);
			buildRules = (
			);
			dependencies = (
			);
			name = WCPhotoManipulator;
			productName = WCPhotoManipulator;
			productReference = CCC2503824CFDE4B000BAC48 /* libWCPhotoManipulator.a */;
			productType = "com.apple.product-type.library.static";
		};
		CCC2504524CFDE89000BAC48 /* WCPhotoManipulatorTests */ = {
			isa = PBXNativeTarget;
			buildConfigurationList = CCC2504E24CFDE89000BAC48 /* Build configuration list for PBXNativeTarget "WCPhotoManipulatorTests" */;
			buildPhases = (
				CCC2504224CFDE89000BAC48 /* Sources */,
				CCC2504324CFDE89000BAC48 /* Frameworks */,
				CCC2504424CFDE89000BAC48 /* Resources */,
			);
			buildRules = (
			);
			dependencies = (
				CCC2504D24CFDE89000BAC48 /* PBXTargetDependency */,
			);
			name = WCPhotoManipulatorTests;
			productName = WCPhotoManipulatorTests;
			productReference = CCC2504624CFDE89000BAC48 /* WCPhotoManipulatorTests.xctest */;
			productType = "com.apple.product-type.bundle.unit-test";
		};
/* End PBXNativeTarget section */

/* Begin PBXProject section */
		CCC2503024CFDE4B000BAC48 /* Project object */ = {
			isa = PBXProject;
			attributes = {
				LastSwiftUpdateCheck = 1150;
				LastUpgradeCheck = 1250;
				ORGANIZATIONNAME = "Woraphot Chokratanasombat";
				TargetAttributes = {
					CCC2503724CFDE4B000BAC48 = {
						CreatedOnToolsVersion = 11.5;
						LastSwiftMigration = 1150;
					};
					CCC2504524CFDE89000BAC48 = {
						CreatedOnToolsVersion = 11.5;
						LastSwiftMigration = 1150;
					};
				};
			};
			buildConfigurationList = CCC2503324CFDE4B000BAC48 /* Build configuration list for PBXProject "WCPhotoManipulator" */;
			compatibilityVersion = "Xcode 9.3";
			developmentRegion = en;
			hasScannedForEncodings = 0;
			knownRegions = (
				en,
				Base,
			);
			mainGroup = CCC2502F24CFDE4B000BAC48;
			productRefGroup = CCC2503924CFDE4B000BAC48 /* Products */;
			projectDirPath = "";
			projectRoot = "";
			targets = (
				CCC2503724CFDE4B000BAC48 /* WCPhotoManipulator */,
				CCC2504524CFDE89000BAC48 /* WCPhotoManipulatorTests */,
			);
		};
/* End PBXProject section */

/* Begin PBXResourcesBuildPhase section */
		CCC2504424CFDE89000BAC48 /* Resources */ = {
			isa = PBXResourcesBuildPhase;
			buildActionMask = 2147483647;
			files = (
				CCC2506824D000E3000BAC48 /* overlay.png in Resources */,
				CCC2506724D000E3000BAC48 /* background.jpg in Resources */,
			);
			runOnlyForDeploymentPostprocessing = 0;
		};
/* End PBXResourcesBuildPhase section */

/* Begin PBXSourcesBuildPhase section */
		CCC2503424CFDE4B000BAC48 /* Sources */ = {
			isa = PBXSourcesBuildPhase;
			buildActionMask = 2147483647;
			files = (
				CADEFF822C4147EC00DFE3E3 /* TextStyle.swift in Sources */,
				CCC2506C24D05C97000BAC48 /* BitmapUtils.swift in Sources */,
				CCC2507024D060C9000BAC48 /* UIImage+PhotoManipulator.swift in Sources */,
				CA11C0FB2C0C1E9B005542AA /* RotationMode.swift in Sources */,
				CA10C5262BB331B7008464A7 /* FlipMode.swift in Sources */,
				CCC2503C24CFDE4B000BAC48 /* MimeUtils.swift in Sources */,
				CC92AF5124D250160061CC87 /* FoolSonarcloud.m in Sources */,
				CCC2506E24D05EE7000BAC48 /* ResizeMode.swift in Sources */,
				CCC2505924CFF0C1000BAC48 /* FileUtils.swift in Sources */,
			);
			runOnlyForDeploymentPostprocessing = 0;
		};
		CCC2504224CFDE89000BAC48 /* Sources */ = {
			isa = PBXSourcesBuildPhase;
			buildActionMask = 2147483647;
			files = (
				CCC2505724CFE206000BAC48 /* MimeUtilsObjCTests.m in Sources */,
				CCC2507424D0818E000BAC48 /* UIImage+PhotoManipulatorObjCTests.m in Sources */,
				CCC2507224D066A2000BAC48 /* BitmapUtilsObjCTests.m in Sources */,
				CCC2506A24D05A87000BAC48 /* MimeUtilsSwiftTests.swift in Sources */,
				CC92AF6A24D545070061CC87 /* BitmapUtilsSwiftTests.swift in Sources */,
				CC92AF6C24D558500061CC87 /* FileUtilsSwiftTests.swift in Sources */,
				CC92AF6F24D55E950061CC87 /* NSData+Testing.m in Sources */,
				CC92AF7124D5CD9F0061CC87 /* UIImage+PhotoManipulatorSwiftTests.swift in Sources */,
				CCC2506324D000DA000BAC48 /* UIImage+Testing.m in Sources */,
				CCC2505B24CFF272000BAC48 /* FileUtilsObjCTests.m in Sources */,
			);
			runOnlyForDeploymentPostprocessing = 0;
		};
/* End PBXSourcesBuildPhase section */

/* Begin PBXTargetDependency section */
		CCC2504D24CFDE89000BAC48 /* PBXTargetDependency */ = {
			isa = PBXTargetDependency;
			target = CCC2503724CFDE4B000BAC48 /* WCPhotoManipulator */;
			targetProxy = CCC2504C24CFDE89000BAC48 /* PBXContainerItemProxy */;
		};
/* End PBXTargetDependency section */

/* Begin XCBuildConfiguration section */
		CCC2503D24CFDE4B000BAC48 /* Debug */ = {
			isa = XCBuildConfiguration;
			buildSettings = {
				ALWAYS_SEARCH_USER_PATHS = NO;
				CLANG_ANALYZER_NONNULL = YES;
				CLANG_ANALYZER_NUMBER_OBJECT_CONVERSION = YES_AGGRESSIVE;
				CLANG_CXX_LANGUAGE_STANDARD = "gnu++14";
				CLANG_CXX_LIBRARY = "libc++";
				CLANG_ENABLE_MODULES = YES;
				CLANG_ENABLE_OBJC_ARC = YES;
				CLANG_ENABLE_OBJC_WEAK = YES;
				CLANG_WARN_BLOCK_CAPTURE_AUTORELEASING = YES;
				CLANG_WARN_BOOL_CONVERSION = YES;
				CLANG_WARN_COMMA = YES;
				CLANG_WARN_CONSTANT_CONVERSION = YES;
				CLANG_WARN_DEPRECATED_OBJC_IMPLEMENTATIONS = YES;
				CLANG_WARN_DIRECT_OBJC_ISA_USAGE = YES_ERROR;
				CLANG_WARN_DOCUMENTATION_COMMENTS = YES;
				CLANG_WARN_EMPTY_BODY = YES;
				CLANG_WARN_ENUM_CONVERSION = YES;
				CLANG_WARN_INFINITE_RECURSION = YES;
				CLANG_WARN_INT_CONVERSION = YES;
				CLANG_WARN_NON_LITERAL_NULL_CONVERSION = YES;
				CLANG_WARN_OBJC_IMPLICIT_RETAIN_SELF = YES;
				CLANG_WARN_OBJC_LITERAL_CONVERSION = YES;
				CLANG_WARN_OBJC_ROOT_CLASS = YES_ERROR;
				CLANG_WARN_QUOTED_INCLUDE_IN_FRAMEWORK_HEADER = YES;
				CLANG_WARN_RANGE_LOOP_ANALYSIS = YES;
				CLANG_WARN_STRICT_PROTOTYPES = YES;
				CLANG_WARN_SUSPICIOUS_MOVE = YES;
				CLANG_WARN_UNGUARDED_AVAILABILITY = YES_AGGRESSIVE;
				CLANG_WARN_UNREACHABLE_CODE = YES;
				CLANG_WARN__DUPLICATE_METHOD_MATCH = YES;
				COPY_PHASE_STRIP = NO;
				DEBUG_INFORMATION_FORMAT = dwarf;
				ENABLE_STRICT_OBJC_MSGSEND = YES;
				ENABLE_TESTABILITY = YES;
				GCC_C_LANGUAGE_STANDARD = gnu11;
				GCC_DYNAMIC_NO_PIC = NO;
				GCC_NO_COMMON_BLOCKS = YES;
				GCC_OPTIMIZATION_LEVEL = 0;
				GCC_PREPROCESSOR_DEFINITIONS = (
					"DEBUG=1",
					"$(inherited)",
				);
				GCC_WARN_64_TO_32_BIT_CONVERSION = YES;
				GCC_WARN_ABOUT_RETURN_TYPE = YES_ERROR;
				GCC_WARN_UNDECLARED_SELECTOR = YES;
				GCC_WARN_UNINITIALIZED_AUTOS = YES_AGGRESSIVE;
				GCC_WARN_UNUSED_FUNCTION = YES;
				GCC_WARN_UNUSED_VARIABLE = YES;
				IPHONEOS_DEPLOYMENT_TARGET = 13.5;
				MTL_ENABLE_DEBUG_INFO = INCLUDE_SOURCE;
				MTL_FAST_MATH = YES;
				ONLY_ACTIVE_ARCH = YES;
				SDKROOT = iphoneos;
				SWIFT_ACTIVE_COMPILATION_CONDITIONS = DEBUG;
				SWIFT_OPTIMIZATION_LEVEL = "-Onone";
			};
			name = Debug;
		};
		CCC2503E24CFDE4B000BAC48 /* Release */ = {
			isa = XCBuildConfiguration;
			buildSettings = {
				ALWAYS_SEARCH_USER_PATHS = NO;
				CLANG_ANALYZER_NONNULL = YES;
				CLANG_ANALYZER_NUMBER_OBJECT_CONVERSION = YES_AGGRESSIVE;
				CLANG_CXX_LANGUAGE_STANDARD = "gnu++14";
				CLANG_CXX_LIBRARY = "libc++";
				CLANG_ENABLE_MODULES = YES;
				CLANG_ENABLE_OBJC_ARC = YES;
				CLANG_ENABLE_OBJC_WEAK = YES;
				CLANG_WARN_BLOCK_CAPTURE_AUTORELEASING = YES;
				CLANG_WARN_BOOL_CONVERSION = YES;
				CLANG_WARN_COMMA = YES;
				CLANG_WARN_CONSTANT_CONVERSION = YES;
				CLANG_WARN_DEPRECATED_OBJC_IMPLEMENTATIONS = YES;
				CLANG_WARN_DIRECT_OBJC_ISA_USAGE = YES_ERROR;
				CLANG_WARN_DOCUMENTATION_COMMENTS = YES;
				CLANG_WARN_EMPTY_BODY = YES;
				CLANG_WARN_ENUM_CONVERSION = YES;
				CLANG_WARN_INFINITE_RECURSION = YES;
				CLANG_WARN_INT_CONVERSION = YES;
				CLANG_WARN_NON_LITERAL_NULL_CONVERSION = YES;
				CLANG_WARN_OBJC_IMPLICIT_RETAIN_SELF = YES;
				CLANG_WARN_OBJC_LITERAL_CONVERSION = YES;
				CLANG_WARN_OBJC_ROOT_CLASS = YES_ERROR;
				CLANG_WARN_QUOTED_INCLUDE_IN_FRAMEWORK_HEADER = YES;
				CLANG_WARN_RANGE_LOOP_ANALYSIS = YES;
				CLANG_WARN_STRICT_PROTOTYPES = YES;
				CLANG_WARN_SUSPICIOUS_MOVE = YES;
				CLANG_WARN_UNGUARDED_AVAILABILITY = YES_AGGRESSIVE;
				CLANG_WARN_UNREACHABLE_CODE = YES;
				CLANG_WARN__DUPLICATE_METHOD_MATCH = YES;
				COPY_PHASE_STRIP = NO;
				DEBUG_INFORMATION_FORMAT = "dwarf-with-dsym";
				ENABLE_NS_ASSERTIONS = NO;
				ENABLE_STRICT_OBJC_MSGSEND = YES;
				GCC_C_LANGUAGE_STANDARD = gnu11;
				GCC_NO_COMMON_BLOCKS = YES;
				GCC_WARN_64_TO_32_BIT_CONVERSION = YES;
				GCC_WARN_ABOUT_RETURN_TYPE = YES_ERROR;
				GCC_WARN_UNDECLARED_SELECTOR = YES;
				GCC_WARN_UNINITIALIZED_AUTOS = YES_AGGRESSIVE;
				GCC_WARN_UNUSED_FUNCTION = YES;
				GCC_WARN_UNUSED_VARIABLE = YES;
				IPHONEOS_DEPLOYMENT_TARGET = 13.5;
				MTL_ENABLE_DEBUG_INFO = NO;
				MTL_FAST_MATH = YES;
				SDKROOT = iphoneos;
				SWIFT_COMPILATION_MODE = wholemodule;
				SWIFT_OPTIMIZATION_LEVEL = "-O";
				VALIDATE_PRODUCT = YES;
			};
			name = Release;
		};
		CCC2504024CFDE4B000BAC48 /* Debug */ = {
			isa = XCBuildConfiguration;
			buildSettings = {
				CLANG_ENABLE_MODULES = YES;
				CODE_SIGN_STYLE = Automatic;
				LD_RUNPATH_SEARCH_PATHS = (
					"$(inherited)",
					"@executable_path/Frameworks",
					"@loader_path/Frameworks",
				);
				OTHER_LDFLAGS = "-ObjC";
				PRODUCT_NAME = "$(TARGET_NAME)";
				SKIP_INSTALL = YES;
				SWIFT_OBJC_BRIDGING_HEADER = "WCPhotoManipulator/WCPhotoManipulator-Bridging-Header.h";
				SWIFT_OPTIMIZATION_LEVEL = "-Onone";
				SWIFT_VERSION = 5.0;
				TARGETED_DEVICE_FAMILY = "1,2";
			};
			name = Debug;
		};
		CCC2504124CFDE4B000BAC48 /* Release */ = {
			isa = XCBuildConfiguration;
			buildSettings = {
				CLANG_ENABLE_MODULES = YES;
				CODE_SIGN_STYLE = Automatic;
				LD_RUNPATH_SEARCH_PATHS = (
					"$(inherited)",
					"@executable_path/Frameworks",
					"@loader_path/Frameworks",
				);
				OTHER_LDFLAGS = "-ObjC";
				PRODUCT_NAME = "$(TARGET_NAME)";
				SKIP_INSTALL = YES;
				SWIFT_OBJC_BRIDGING_HEADER = "WCPhotoManipulator/WCPhotoManipulator-Bridging-Header.h";
				SWIFT_VERSION = 5.0;
				TARGETED_DEVICE_FAMILY = "1,2";
			};
			name = Release;
		};
		CCC2504F24CFDE89000BAC48 /* Debug */ = {
			isa = XCBuildConfiguration;
			buildSettings = {
				CLANG_ENABLE_MODULES = YES;
				CODE_SIGN_STYLE = Automatic;
				HEADER_SEARCH_PATHS = "$(TARGET_TEMP_DIR)/../WCPhotoManipulator.build/DerivedSources";
				INFOPLIST_FILE = WCPhotoManipulatorTests/Info.plist;
				LD_RUNPATH_SEARCH_PATHS = (
					"$(inherited)",
					"@executable_path/Frameworks",
					"@loader_path/Frameworks",
				);
				PRODUCT_BUNDLE_IDENTIFIER = com.guhungry.WCPhotoManipulatorTests;
				PRODUCT_NAME = "$(TARGET_NAME)";
				SWIFT_OBJC_BRIDGING_HEADER = "WCPhotoManipulatorTests/WCPhotoManipulatorTests-Bridging-Header.h";
				SWIFT_OPTIMIZATION_LEVEL = "-Onone";
				SWIFT_VERSION = 5.0;
				TARGETED_DEVICE_FAMILY = "1,2";
			};
			name = Debug;
		};
		CCC2505024CFDE89000BAC48 /* Release */ = {
			isa = XCBuildConfiguration;
			buildSettings = {
				CLANG_ENABLE_MODULES = YES;
				CODE_SIGN_STYLE = Automatic;
				HEADER_SEARCH_PATHS = "$(TARGET_TEMP_DIR)/../WCPhotoManipulator.build/DerivedSources";
				INFOPLIST_FILE = WCPhotoManipulatorTests/Info.plist;
				LD_RUNPATH_SEARCH_PATHS = (
					"$(inherited)",
					"@executable_path/Frameworks",
					"@loader_path/Frameworks",
				);
				PRODUCT_BUNDLE_IDENTIFIER = com.guhungry.WCPhotoManipulatorTests;
				PRODUCT_NAME = "$(TARGET_NAME)";
				SWIFT_OBJC_BRIDGING_HEADER = "WCPhotoManipulatorTests/WCPhotoManipulatorTests-Bridging-Header.h";
				SWIFT_VERSION = 5.0;
				TARGETED_DEVICE_FAMILY = "1,2";
			};
			name = Release;
		};
/* End XCBuildConfiguration section */

/* Begin XCConfigurationList section */
		CCC2503324CFDE4B000BAC48 /* Build configuration list for PBXProject "WCPhotoManipulator" */ = {
			isa = XCConfigurationList;
			buildConfigurations = (
				CCC2503D24CFDE4B000BAC48 /* Debug */,
				CCC2503E24CFDE4B000BAC48 /* Release */,
			);
			defaultConfigurationIsVisible = 0;
			defaultConfigurationName = Release;
		};
		CCC2503F24CFDE4B000BAC48 /* Build configuration list for PBXNativeTarget "WCPhotoManipulator" */ = {
			isa = XCConfigurationList;
			buildConfigurations = (
				CCC2504024CFDE4B000BAC48 /* Debug */,
				CCC2504124CFDE4B000BAC48 /* Release */,
			);
			defaultConfigurationIsVisible = 0;
			defaultConfigurationName = Release;
		};
		CCC2504E24CFDE89000BAC48 /* Build configuration list for PBXNativeTarget "WCPhotoManipulatorTests" */ = {
			isa = XCConfigurationList;
			buildConfigurations = (
				CCC2504F24CFDE89000BAC48 /* Debug */,
				CCC2505024CFDE89000BAC48 /* Release */,
			);
			defaultConfigurationIsVisible = 0;
			defaultConfigurationName = Release;
		};
/* End XCConfigurationList section */
	};
	rootObject = CCC2503024CFDE4B000BAC48 /* Project object */;
}
